Microsoft Visual Studio Solution File, Format Version 12.00
# Visual Studio Version 17
VisualStudioVersion = 17.5.2.0
MinimumVisualStudioVersion = 10.0.40219.1
Project("{FAE04EC0-301F-11D3-BF4B-00C04F79EFBC}") = "SimpleReminders", "SimpleReminders.csproj", "{BE75CAA8-A706-0CAE-F4F6-0D3D5DA035A9}"
EndProject
Global
	GlobalSection(SolutionConfigurationPlatforms) = preSolution
		Debug|Any CPU = Debug|Any CPU
		Release|Any CPU = Release|Any CPU
	EndGlobalSection
	GlobalSection(ProjectConfigurationPlatforms) = postSolution
		{BE75CAA8-A706-0CAE-F4F6-0D3D5DA035A9}.Debug|Any CPU.ActiveCfg = Debug|Any CPU
		{BE75CAA8-A706-0CAE-F4F6-0D3D5DA035A9}.Debug|Any CPU.Build.0 = Debug|Any CPU
		{BE75CAA8-A706-0CAE-F4F6-0D3D5DA035A9}.Release|Any CPU.ActiveCfg = Release|Any CPU
		{BE75CAA8-A706-0CAE-F4F6-0D3D5DA035A9}.Release|Any CPU.Build.0 = Release|Any CPU
	EndGlobalSection
	GlobalSection(SolutionProperties) = preSolution
		HideSolutionNode = FALSE
	EndGlobalSection
	GlobalSection(ExtensibilityGlobals) = postSolution
		SolutionGuid = {637DD4FD-B4FB-4FA4-81C1-A02526206D20}
	EndGlobalSection
EndGlobal
